{
  "pins" : [
    {
      "identity" : "gifu",
      "kind" : "remoteSourceControl",
      "location" : "https://github.com/kaishin/Gifu",
      "state" : {
        "revision" : "51f2eab32903e336f590c013267cfa4d7f8b06c4",
        "version" : "3.3.1"
      }
    },
    {
      "identity" : "realm-cocoa",
      "kind" : "remoteSourceControl",
      "location" : "https://github.com/realm/realm-cocoa.git",
      "state" : {
        "revision" : "ae0ceea258fd8f58392881cc4b2228bff62f74f5",
        "version" : "10.28.7"
      }
    },
    {
      "identity" : "realm-core",
      "kind" : "remoteSourceControl",
      "location" : "https://github.com/realm/realm-core",
      "state" : {
        "revision" : "6f6a0f415bd33cf2ced4467e36a47f7c84f0a1d7",
        "version" : "12.5.1"
      }
    },
    {
      "identity" : "tinyconstraints",
      "kind" : "remoteSourceControl",
      "location" : "https://github.com/roberthein/TinyConstraints.git",
      "state" : {
        "branch" : "master",
        "revision" : "a89996a77d364eb85abdd09d42d2274e35ba56dc"
      }
    }
  ],
  "version" : 2
}
