{
  "object": {
    "pins": [
      {
        "package": "Gifu",
        "repositoryURL": "https://github.com/kaishin/Gifu",
        "state": {
          "branch": null,
          "revision": "51f2eab32903e336f590c013267cfa4d7f8b06c4",
          "version": "3.3.1"
        }
      },
      {
        "package": "Realm",
        "repositoryURL": "https://github.com/realm/realm-cocoa.git",
        "state": {
          "branch": null,
          "revision": "39177714b95bb5b1b29fffe28f1c7da77eef8e8b",
          "version": "10.21.1"
        }
      },
      {
        "package": "RealmDatabase",
        "repositoryURL": "https://github.com/realm/realm-core",
        "state": {
          "branch": null,
          "revision": "f1976f0d96d9b06fbe0afbd60090b1c3966b1e23",
          "version": "11.8.0"
        }
      },
      {
        "package": "TinyConstraints",
        "repositoryURL": "https://github.com/roberthein/TinyConstraints.git",
        "state": {
          "branch": "master",
          "revision": "3262e5c591d4ab6272255df2087a01bbebd138dc",
          "version": null
        }
      }
    ]
  },
  "version": 1
}
